{
  "name": "be-preemptive",
  "version": "0.0.0",
  "lockfileVersion": 2,
  "requires": true,
  "packages": {
    "": {
      "name": "be-preemptive",
      "version": "0.0.0",
      "license": "MIT",
      "dependencies": {
        "be-decorated": "0.0.113",
        "be-hive": "0.0.45",
        "be-loaded": "0.0.58"
      }
    },
    "node_modules/be-decorated": {
      "version": "0.0.113",
      "resolved": "https://registry.npmjs.org/be-decorated/-/be-decorated-0.0.113.tgz",
      "integrity": "sha512-NEjLN0VqDbq2g+/FVZGIVVNx171SNeIZzfoMUJlx0xqfazBxEfKAw6CR3mK6+SjjxlqT+DmFilybDtJeeNkHog==",
      "dependencies": {
        "trans-render": "0.0.536",
        "xtal-element": "0.0.493"
      }
    },
    "node_modules/be-hive": {
      "version": "0.0.45",
      "resolved": "https://registry.npmjs.org/be-hive/-/be-hive-0.0.45.tgz",
      "integrity": "sha512-82Sr5pvaXfdDX7+IIy/MmaYObq6lYXYFd2ShBmyTmkSJl1MYkd0W1AA4CPiMeIzs2cNMmeFBQ0REd6/QIN4G6w==",
      "dependencies": {
        "xtal-element": "0.0.493"
      }
    },
    "node_modules/be-loaded": {
      "version": "0.0.58",
      "resolved": "https://registry.npmjs.org/be-loaded/-/be-loaded-0.0.58.tgz",
      "integrity": "sha512-iZoZSlWdPWkFCBtWXauG/VjmUzy/OnDJyZ7QsjAltdZ9sTXvp7Udz3TE8PkAEMJEuLK7qdBNjc/hDwdAxizfhA==",
      "dependencies": {
        "be-decorated": "0.0.113",
        "be-hive": "0.0.45",
        "trans-render": "0.0.536",
        "xtal-element": "0.0.493"
      }
    },
    "node_modules/trans-render": {
      "version": "0.0.536",
      "resolved": "https://registry.npmjs.org/trans-render/-/trans-render-0.0.536.tgz",
      "integrity": "sha512-LY4Ww8kXrjb2APtVmweNm0Hqjr2ULQ+zU9ECLlCyzO/XnKo9M79LPOu+e90LFMe+z5UB4trCw4c/k5ldZ9qvvg=="
    },
    "node_modules/xtal-element": {
      "version": "0.0.493",
      "resolved": "https://registry.npmjs.org/xtal-element/-/xtal-element-0.0.493.tgz",
      "integrity": "sha512-eQnG/LGcWnjIOXCt8Hrb3hala3GSz137Dm85qsWT3pX55V3jJQfElLXK6wfFLn2M/STh4ABdK13BtaihM69OUQ==",
      "dependencies": {
        "trans-render": "0.0.536"
      }
    }
  },
  "dependencies": {
    "be-decorated": {
      "version": "0.0.113",
      "resolved": "https://registry.npmjs.org/be-decorated/-/be-decorated-0.0.113.tgz",
      "integrity": "sha512-NEjLN0VqDbq2g+/FVZGIVVNx171SNeIZzfoMUJlx0xqfazBxEfKAw6CR3mK6+SjjxlqT+DmFilybDtJeeNkHog==",
      "requires": {
        "trans-render": "0.0.536",
        "xtal-element": "0.0.493"
      }
    },
    "be-hive": {
      "version": "0.0.45",
      "resolved": "https://registry.npmjs.org/be-hive/-/be-hive-0.0.45.tgz",
      "integrity": "sha512-82Sr5pvaXfdDX7+IIy/MmaYObq6lYXYFd2ShBmyTmkSJl1MYkd0W1AA4CPiMeIzs2cNMmeFBQ0REd6/QIN4G6w==",
      "requires": {
        "xtal-element": "0.0.493"
      }
    },
    "be-loaded": {
      "version": "0.0.58",
      "resolved": "https://registry.npmjs.org/be-loaded/-/be-loaded-0.0.58.tgz",
      "integrity": "sha512-iZoZSlWdPWkFCBtWXauG/VjmUzy/OnDJyZ7QsjAltdZ9sTXvp7Udz3TE8PkAEMJEuLK7qdBNjc/hDwdAxizfhA==",
      "requires": {
        "be-decorated": "0.0.113",
        "be-hive": "0.0.45",
        "trans-render": "0.0.536",
        "xtal-element": "0.0.493"
      }
    },
    "trans-render": {
      "version": "0.0.536",
      "resolved": "https://registry.npmjs.org/trans-render/-/trans-render-0.0.536.tgz",
      "integrity": "sha512-LY4Ww8kXrjb2APtVmweNm0Hqjr2ULQ+zU9ECLlCyzO/XnKo9M79LPOu+e90LFMe+z5UB4trCw4c/k5ldZ9qvvg=="
    },
    "xtal-element": {
      "version": "0.0.493",
      "resolved": "https://registry.npmjs.org/xtal-element/-/xtal-element-0.0.493.tgz",
      "integrity": "sha512-eQnG/LGcWnjIOXCt8Hrb3hala3GSz137Dm85qsWT3pX55V3jJQfElLXK6wfFLn2M/STh4ABdK13BtaihM69OUQ==",
      "requires": {
        "trans-render": "0.0.536"
      }
    }
  }
}
